
Microsoft Visual Studio Solution File, Format Version 12.00
# Visual Studio Version 17
VisualStudioVersion = 17.11.35222.181
MinimumVisualStudioVersion = 10.0.40219.1
Project("{9A19103F-16F7-4668-BE54-9A1E7A4F7556}") = "AutoTool", "AutoTool\AutoTool.csproj", "{3B0A3930-7C70-4914-9B8F-AB8DB16CB0B9}"
EndProject
Project("{9A19103F-16F7-4668-BE54-9A1E7A4F7556}") = "MacroPanels", "Panels\MacroPanels.csproj", "{24F925EF-363D-4429-945F-417534CE7D54}"
EndProject
Project("{9A19103F-16F7-4668-BE54-9A1E7A4F7556}") = "OpenCVHelper", "OpenCVHelper\OpenCVHelper.csproj", "{BB5A0F47-154E-4C01-86CC-ED5A2E83D966}"
EndProject
Project("{9A19103F-16F7-4668-BE54-9A1E7A4F7556}") = "MouseHelper", "InputHelper\MouseHelper.csproj", "{D5188F78-3613-4F87-9A9F-8FA7140FB6EE}"
EndProject
Project("{9A19103F-16F7-4668-BE54-9A1E7A4F7556}") = "XmlSerializer", "XmlSerializer\XmlSerializer.csproj", "{BB0CCBFE-3701-41B2-8A3A-D3FBE31A830C}"
EndProject
Project("{9A19103F-16F7-4668-BE54-9A1E7A4F7556}") = "OCRHelper", "OCRHelper\OCRHelper.csproj", "{EAD84FF6-7211-4612-B075-C1B3E5735392}"
EndProject
Project("{9A19103F-16F7-4668-BE54-9A1E7A4F7556}") = "WindowHelper", "WindowInfoHelper\WindowHelper.csproj", "{23BBB7D7-589E-4E90-AE51-18ABFF577522}"
EndProject
Project("{9A19103F-16F7-4668-BE54-9A1E7A4F7556}") = "KeyHelper", "KeyHelper\KeyHelper.csproj", "{1B0C4014-BB8D-4E0D-800C-3301A7329E84}"
EndProject
Project("{9A19103F-16F7-4668-BE54-9A1E7A4F7556}") = "ColorPickHelper", "ColorPickHelper\ColorPickHelper.csproj", "{7173F7E1-A083-4E98-9F72-3085535A2846}"
EndProject
Project("{2150E333-8FDC-42A3-9474-1A3956D46DE8}") = "Helpers", "Helpers", "{238114D9-D19B-492F-B181-DD5A6BAD00B2}"
EndProject
Project("{2150E333-8FDC-42A3-9474-1A3956D46DE8}") = "Panels", "Panels", "{92C98132-045B-4E3D-B24D-E74CE47E09F3}"
EndProject
Project("{FAE04EC0-301F-11D3-BF4B-00C04F79EFBC}") = "LogHelper", "LogHelper\LogHelper.csproj", "{E08DAF10-525D-44FF-9BAC-0D36B9890B02}"
EndProject
Global
	GlobalSection(SolutionConfigurationPlatforms) = preSolution
		Debug|Any CPU = Debug|Any CPU
		Release|Any CPU = Release|Any CPU
	EndGlobalSection
	GlobalSection(ProjectConfigurationPlatforms) = postSolution
		{3B0A3930-7C70-4914-9B8F-AB8DB16CB0B9}.Debug|Any CPU.ActiveCfg = Debug|Any CPU
		{3B0A3930-7C70-4914-9B8F-AB8DB16CB0B9}.Debug|Any CPU.Build.0 = Debug|Any CPU
		{3B0A3930-7C70-4914-9B8F-AB8DB16CB0B9}.Release|Any CPU.ActiveCfg = Release|Any CPU
		{3B0A3930-7C70-4914-9B8F-AB8DB16CB0B9}.Release|Any CPU.Build.0 = Release|Any CPU
		{24F925EF-363D-4429-945F-417534CE7D54}.Debug|Any CPU.ActiveCfg = Debug|Any CPU
		{24F925EF-363D-4429-945F-417534CE7D54}.Debug|Any CPU.Build.0 = Debug|Any CPU
		{24F925EF-363D-4429-945F-417534CE7D54}.Release|Any CPU.ActiveCfg = Release|Any CPU
		{24F925EF-363D-4429-945F-417534CE7D54}.Release|Any CPU.Build.0 = Release|Any CPU
		{BB5A0F47-154E-4C01-86CC-ED5A2E83D966}.Debug|Any CPU.ActiveCfg = Debug|Any CPU
		{BB5A0F47-154E-4C01-86CC-ED5A2E83D966}.Debug|Any CPU.Build.0 = Debug|Any CPU
		{BB5A0F47-154E-4C01-86CC-ED5A2E83D966}.Release|Any CPU.ActiveCfg = Release|Any CPU
		{BB5A0F47-154E-4C01-86CC-ED5A2E83D966}.Release|Any CPU.Build.0 = Release|Any CPU
		{D5188F78-3613-4F87-9A9F-8FA7140FB6EE}.Debug|Any CPU.ActiveCfg = Debug|Any CPU
		{D5188F78-3613-4F87-9A9F-8FA7140FB6EE}.Debug|Any CPU.Build.0 = Debug|Any CPU
		{D5188F78-3613-4F87-9A9F-8FA7140FB6EE}.Release|Any CPU.ActiveCfg = Release|Any CPU
		{D5188F78-3613-4F87-9A9F-8FA7140FB6EE}.Release|Any CPU.Build.0 = Release|Any CPU
		{BB0CCBFE-3701-41B2-8A3A-D3FBE31A830C}.Debug|Any CPU.ActiveCfg = Debug|Any CPU
		{BB0CCBFE-3701-41B2-8A3A-D3FBE31A830C}.Debug|Any CPU.Build.0 = Debug|Any CPU
		{BB0CCBFE-3701-41B2-8A3A-D3FBE31A830C}.Release|Any CPU.ActiveCfg = Release|Any CPU
		{BB0CCBFE-3701-41B2-8A3A-D3FBE31A830C}.Release|Any CPU.Build.0 = Release|Any CPU
		{EAD84FF6-7211-4612-B075-C1B3E5735392}.Debug|Any CPU.ActiveCfg = Debug|Any CPU
		{EAD84FF6-7211-4612-B075-C1B3E5735392}.Debug|Any CPU.Build.0 = Debug|Any CPU
		{EAD84FF6-7211-4612-B075-C1B3E5735392}.Release|Any CPU.ActiveCfg = Release|Any CPU
		{EAD84FF6-7211-4612-B075-C1B3E5735392}.Release|Any CPU.Build.0 = Release|Any CPU
		{23BBB7D7-589E-4E90-AE51-18ABFF577522}.Debug|Any CPU.ActiveCfg = Debug|Any CPU
		{23BBB7D7-589E-4E90-AE51-18ABFF577522}.Debug|Any CPU.Build.0 = Debug|Any CPU
		{23BBB7D7-589E-4E90-AE51-18ABFF577522}.Release|Any CPU.ActiveCfg = Release|Any CPU
		{23BBB7D7-589E-4E90-AE51-18ABFF577522}.Release|Any CPU.Build.0 = Release|Any CPU
		{1B0C4014-BB8D-4E0D-800C-3301A7329E84}.Debug|Any CPU.ActiveCfg = Debug|Any CPU
		{1B0C4014-BB8D-4E0D-800C-3301A7329E84}.Debug|Any CPU.Build.0 = Debug|Any CPU
		{1B0C4014-BB8D-4E0D-800C-3301A7329E84}.Release|Any CPU.ActiveCfg = Release|Any CPU
		{1B0C4014-BB8D-4E0D-800C-3301A7329E84}.Release|Any CPU.Build.0 = Release|Any CPU
		{7173F7E1-A083-4E98-9F72-3085535A2846}.Debug|Any CPU.ActiveCfg = Debug|Any CPU
		{7173F7E1-A083-4E98-9F72-3085535A2846}.Debug|Any CPU.Build.0 = Debug|Any CPU
		{7173F7E1-A083-4E98-9F72-3085535A2846}.Release|Any CPU.ActiveCfg = Release|Any CPU
		{7173F7E1-A083-4E98-9F72-3085535A2846}.Release|Any CPU.Build.0 = Release|Any CPU
		{E08DAF10-525D-44FF-9BAC-0D36B9890B02}.Debug|Any CPU.ActiveCfg = Debug|Any CPU
		{E08DAF10-525D-44FF-9BAC-0D36B9890B02}.Debug|Any CPU.Build.0 = Debug|Any CPU
		{E08DAF10-525D-44FF-9BAC-0D36B9890B02}.Release|Any CPU.ActiveCfg = Release|Any CPU
		{E08DAF10-525D-44FF-9BAC-0D36B9890B02}.Release|Any CPU.Build.0 = Release|Any CPU
	EndGlobalSection
	GlobalSection(SolutionProperties) = preSolution
		HideSolutionNode = FALSE
	EndGlobalSection
	GlobalSection(NestedProjects) = preSolution
		{24F925EF-363D-4429-945F-417534CE7D54} = {92C98132-045B-4E3D-B24D-E74CE47E09F3}
		{BB5A0F47-154E-4C01-86CC-ED5A2E83D966} = {238114D9-D19B-492F-B181-DD5A6BAD00B2}
		{D5188F78-3613-4F87-9A9F-8FA7140FB6EE} = {238114D9-D19B-492F-B181-DD5A6BAD00B2}
		{BB0CCBFE-3701-41B2-8A3A-D3FBE31A830C} = {238114D9-D19B-492F-B181-DD5A6BAD00B2}
		{EAD84FF6-7211-4612-B075-C1B3E5735392} = {238114D9-D19B-492F-B181-DD5A6BAD00B2}
		{23BBB7D7-589E-4E90-AE51-18ABFF577522} = {238114D9-D19B-492F-B181-DD5A6BAD00B2}
		{1B0C4014-BB8D-4E0D-800C-3301A7329E84} = {238114D9-D19B-492F-B181-DD5A6BAD00B2}
		{7173F7E1-A083-4E98-9F72-3085535A2846} = {238114D9-D19B-492F-B181-DD5A6BAD00B2}
		{E08DAF10-525D-44FF-9BAC-0D36B9890B02} = {238114D9-D19B-492F-B181-DD5A6BAD00B2}
	EndGlobalSection
	GlobalSection(ExtensibilityGlobals) = postSolution
		SolutionGuid = {E755CF2E-3F80-4FDE-8B54-42B81EFAC900}
	EndGlobalSection
EndGlobal
