
Microsoft Visual Studio Solution File, Format Version 12.00
# Visual Studio Version 17
VisualStudioVersion = 17.11.35222.181
MinimumVisualStudioVersion = 10.0.40219.1
Project("{9A19103F-16F7-4668-BE54-9A1E7A4F7556}") = "AutoTool", "AutoTool\AutoTool.csproj", "{3B0A3930-7C70-4914-9B8F-AB8DB16CB0B9}"
EndProject
Project("{9A19103F-16F7-4668-BE54-9A1E7A4F7556}") = "Panels", "Panels\Panels.csproj", "{24F925EF-363D-4429-945F-417534CE7D54}"
EndProject
Project("{2150E333-8FDC-42A3-9474-1A3956D46DE8}") = "ソリューション項目", "ソリューション項目", "{7CBB2EAB-8CB7-4BAC-AFA7-68D653938EDD}"
EndProject
Global
	GlobalSection(SolutionConfigurationPlatforms) = preSolution
		Debug|Any CPU = Debug|Any CPU
		Release|Any CPU = Release|Any CPU
	EndGlobalSection
	GlobalSection(ProjectConfigurationPlatforms) = postSolution
		{3B0A3930-7C70-4914-9B8F-AB8DB16CB0B9}.Debug|Any CPU.ActiveCfg = Debug|Any CPU
		{3B0A3930-7C70-4914-9B8F-AB8DB16CB0B9}.Debug|Any CPU.Build.0 = Debug|Any CPU
		{3B0A3930-7C70-4914-9B8F-AB8DB16CB0B9}.Release|Any CPU.ActiveCfg = Release|Any CPU
		{3B0A3930-7C70-4914-9B8F-AB8DB16CB0B9}.Release|Any CPU.Build.0 = Release|Any CPU
		{24F925EF-363D-4429-945F-417534CE7D54}.Debug|Any CPU.ActiveCfg = Debug|Any CPU
		{24F925EF-363D-4429-945F-417534CE7D54}.Debug|Any CPU.Build.0 = Debug|Any CPU
		{24F925EF-363D-4429-945F-417534CE7D54}.Release|Any CPU.ActiveCfg = Release|Any CPU
		{24F925EF-363D-4429-945F-417534CE7D54}.Release|Any CPU.Build.0 = Release|Any CPU
	EndGlobalSection
	GlobalSection(SolutionProperties) = preSolution
		HideSolutionNode = FALSE
	EndGlobalSection
	GlobalSection(ExtensibilityGlobals) = postSolution
		SolutionGuid = {E755CF2E-3F80-4FDE-8B54-42B81EFAC900}
	EndGlobalSection
EndGlobal
