
Microsoft Visual Studio Solution File, Format Version 12.00
# Visual Studio Version 17
VisualStudioVersion = 17.14.36408.4 d17.14
MinimumVisualStudioVersion = 10.0.40219.1
Project("{FAE04EC0-301F-11D3-BF4B-00C04F79EFBC}") = "AutoTool.Core", "AutoTool.Core\AutoTool.Core.csproj", "{73FD0DB2-B247-41B2-86D7-718A90A57247}"
EndProject
Project("{FAE04EC0-301F-11D3-BF4B-00C04F79EFBC}") = "AutoTool.Commands", "AutoTool.Commands\AutoTool.Commands.csproj", "{984070C1-05E6-4F17-9D1A-1875DC5FA417}"
EndProject
Project("{FAE04EC0-301F-11D3-BF4B-00C04F79EFBC}") = "AutoTool.Desktop", "AutoTool.Desktop\AutoTool.Desktop.csproj", "{E2EA430B-C7E9-4159-AA04-751D12A9BE8A}"
EndProject
Project("{FAE04EC0-301F-11D3-BF4B-00C04F79EFBC}") = "AutoTool.Services", "AutoTool.Services\AutoTool.Services.csproj", "{E160168B-6724-4163-918A-5CB0112EB03B}"
EndProject
Global
	GlobalSection(SolutionConfigurationPlatforms) = preSolution
		Debug|Any CPU = Debug|Any CPU
		Debug|x64 = Debug|x64
		Debug|x86 = Debug|x86
		Release|Any CPU = Release|Any CPU
		Release|x64 = Release|x64
		Release|x86 = Release|x86
	EndGlobalSection
	GlobalSection(ProjectConfigurationPlatforms) = postSolution
		{73FD0DB2-B247-41B2-86D7-718A90A57247}.Debug|Any CPU.ActiveCfg = Debug|Any CPU
		{73FD0DB2-B247-41B2-86D7-718A90A57247}.Debug|Any CPU.Build.0 = Debug|Any CPU
		{73FD0DB2-B247-41B2-86D7-718A90A57247}.Debug|x64.ActiveCfg = Debug|Any CPU
		{73FD0DB2-B247-41B2-86D7-718A90A57247}.Debug|x64.Build.0 = Debug|Any CPU
		{73FD0DB2-B247-41B2-86D7-718A90A57247}.Debug|x86.ActiveCfg = Debug|Any CPU
		{73FD0DB2-B247-41B2-86D7-718A90A57247}.Debug|x86.Build.0 = Debug|Any CPU
		{73FD0DB2-B247-41B2-86D7-718A90A57247}.Release|Any CPU.ActiveCfg = Release|Any CPU
		{73FD0DB2-B247-41B2-86D7-718A90A57247}.Release|Any CPU.Build.0 = Release|Any CPU
		{73FD0DB2-B247-41B2-86D7-718A90A57247}.Release|x64.ActiveCfg = Release|Any CPU
		{73FD0DB2-B247-41B2-86D7-718A90A57247}.Release|x64.Build.0 = Release|Any CPU
		{73FD0DB2-B247-41B2-86D7-718A90A57247}.Release|x86.ActiveCfg = Release|Any CPU
		{73FD0DB2-B247-41B2-86D7-718A90A57247}.Release|x86.Build.0 = Release|Any CPU
		{984070C1-05E6-4F17-9D1A-1875DC5FA417}.Debug|Any CPU.ActiveCfg = Debug|Any CPU
		{984070C1-05E6-4F17-9D1A-1875DC5FA417}.Debug|Any CPU.Build.0 = Debug|Any CPU
		{984070C1-05E6-4F17-9D1A-1875DC5FA417}.Debug|x64.ActiveCfg = Debug|Any CPU
		{984070C1-05E6-4F17-9D1A-1875DC5FA417}.Debug|x64.Build.0 = Debug|Any CPU
		{984070C1-05E6-4F17-9D1A-1875DC5FA417}.Debug|x86.ActiveCfg = Debug|Any CPU
		{984070C1-05E6-4F17-9D1A-1875DC5FA417}.Debug|x86.Build.0 = Debug|Any CPU
		{984070C1-05E6-4F17-9D1A-1875DC5FA417}.Release|Any CPU.ActiveCfg = Release|Any CPU
		{984070C1-05E6-4F17-9D1A-1875DC5FA417}.Release|Any CPU.Build.0 = Release|Any CPU
		{984070C1-05E6-4F17-9D1A-1875DC5FA417}.Release|x64.ActiveCfg = Release|Any CPU
		{984070C1-05E6-4F17-9D1A-1875DC5FA417}.Release|x64.Build.0 = Release|Any CPU
		{984070C1-05E6-4F17-9D1A-1875DC5FA417}.Release|x86.ActiveCfg = Release|Any CPU
		{984070C1-05E6-4F17-9D1A-1875DC5FA417}.Release|x86.Build.0 = Release|Any CPU
		{E2EA430B-C7E9-4159-AA04-751D12A9BE8A}.Debug|Any CPU.ActiveCfg = Debug|Any CPU
		{E2EA430B-C7E9-4159-AA04-751D12A9BE8A}.Debug|Any CPU.Build.0 = Debug|Any CPU
		{E2EA430B-C7E9-4159-AA04-751D12A9BE8A}.Debug|x64.ActiveCfg = Debug|Any CPU
		{E2EA430B-C7E9-4159-AA04-751D12A9BE8A}.Debug|x64.Build.0 = Debug|Any CPU
		{E2EA430B-C7E9-4159-AA04-751D12A9BE8A}.Debug|x86.ActiveCfg = Debug|Any CPU
		{E2EA430B-C7E9-4159-AA04-751D12A9BE8A}.Debug|x86.Build.0 = Debug|Any CPU
		{E2EA430B-C7E9-4159-AA04-751D12A9BE8A}.Release|Any CPU.ActiveCfg = Release|Any CPU
		{E2EA430B-C7E9-4159-AA04-751D12A9BE8A}.Release|Any CPU.Build.0 = Release|Any CPU
		{E2EA430B-C7E9-4159-AA04-751D12A9BE8A}.Release|x64.ActiveCfg = Release|Any CPU
		{E2EA430B-C7E9-4159-AA04-751D12A9BE8A}.Release|x64.Build.0 = Release|Any CPU
		{E2EA430B-C7E9-4159-AA04-751D12A9BE8A}.Release|x86.ActiveCfg = Release|Any CPU
		{E2EA430B-C7E9-4159-AA04-751D12A9BE8A}.Release|x86.Build.0 = Release|Any CPU
		{E160168B-6724-4163-918A-5CB0112EB03B}.Debug|Any CPU.ActiveCfg = Debug|Any CPU
		{E160168B-6724-4163-918A-5CB0112EB03B}.Debug|Any CPU.Build.0 = Debug|Any CPU
		{E160168B-6724-4163-918A-5CB0112EB03B}.Debug|x64.ActiveCfg = Debug|Any CPU
		{E160168B-6724-4163-918A-5CB0112EB03B}.Debug|x64.Build.0 = Debug|Any CPU
		{E160168B-6724-4163-918A-5CB0112EB03B}.Debug|x86.ActiveCfg = Debug|Any CPU
		{E160168B-6724-4163-918A-5CB0112EB03B}.Debug|x86.Build.0 = Debug|Any CPU
		{E160168B-6724-4163-918A-5CB0112EB03B}.Release|Any CPU.ActiveCfg = Release|Any CPU
		{E160168B-6724-4163-918A-5CB0112EB03B}.Release|Any CPU.Build.0 = Release|Any CPU
		{E160168B-6724-4163-918A-5CB0112EB03B}.Release|x64.ActiveCfg = Release|Any CPU
		{E160168B-6724-4163-918A-5CB0112EB03B}.Release|x64.Build.0 = Release|Any CPU
		{E160168B-6724-4163-918A-5CB0112EB03B}.Release|x86.ActiveCfg = Release|Any CPU
		{E160168B-6724-4163-918A-5CB0112EB03B}.Release|x86.Build.0 = Release|Any CPU
	EndGlobalSection
	GlobalSection(SolutionProperties) = preSolution
		HideSolutionNode = FALSE
	EndGlobalSection
	GlobalSection(ExtensibilityGlobals) = postSolution
		SolutionGuid = {E755CF2E-3F80-4FDE-8B54-42B81EFAC900}
	EndGlobalSection
EndGlobal
